
Microsoft Visual Studio Solution File, Format Version 12.00
# Visual Studio Version 16
VisualStudioVersion = 16.0.32602.291
MinimumVisualStudioVersion = 10.0.40219.1
Project("{FAE04EC0-301F-11D3-BF4B-00C04F79EFBC}") = "jenkinsapp", "jenkinsapp\jenkinsapp.csproj", "{A5A3A133-C05E-4972-8DFD-92534A5044B2}"
EndProject
Project("{FAE04EC0-301F-11D3-BF4B-00C04F79EFBC}") = "MyMath", "MyMath\MyMath.csproj", "{DAAA6289-F9A4-490B-BBAB-38D9B20E9CEA}"
EndProject
Global
	GlobalSection(SolutionConfigurationPlatforms) = preSolution
		Debug|Any CPU = Debug|Any CPU
		Release|Any CPU = Release|Any CPU
	EndGlobalSection
	GlobalSection(ProjectConfigurationPlatforms) = postSolution
		{A5A3A133-C05E-4972-8DFD-92534A5044B2}.Debug|Any CPU.ActiveCfg = Debug|Any CPU
		{A5A3A133-C05E-4972-8DFD-92534A5044B2}.Debug|Any CPU.Build.0 = Debug|Any CPU
		{A5A3A133-C05E-4972-8DFD-92534A5044B2}.Release|Any CPU.ActiveCfg = Release|Any CPU
		{A5A3A133-C05E-4972-8DFD-92534A5044B2}.Release|Any CPU.Build.0 = Release|Any CPU
		{DAAA6289-F9A4-490B-BBAB-38D9B20E9CEA}.Debug|Any CPU.ActiveCfg = Debug|Any CPU
		{DAAA6289-F9A4-490B-BBAB-38D9B20E9CEA}.Debug|Any CPU.Build.0 = Debug|Any CPU
		{DAAA6289-F9A4-490B-BBAB-38D9B20E9CEA}.Release|Any CPU.ActiveCfg = Release|Any CPU
		{DAAA6289-F9A4-490B-BBAB-38D9B20E9CEA}.Release|Any CPU.Build.0 = Release|Any CPU
	EndGlobalSection
	GlobalSection(SolutionProperties) = preSolution
		HideSolutionNode = FALSE
	EndGlobalSection
	GlobalSection(ExtensibilityGlobals) = postSolution
		SolutionGuid = {978200FC-F4A0-43C7-91C7-3A2159FDFEE7}
	EndGlobalSection
EndGlobal
